
Microsoft Visual Studio Solution File, Format Version 12.00
# Visual Studio Version 16
VisualStudioVersion = 16.0.32002.261
MinimumVisualStudioVersion = 10.0.40219.1
Project("{9A19103F-16F7-4668-BE54-9A1E7A4F7556}") = "Task_3.3.1", "Task_3.3.1\Task_3.3.1.csproj", "{6BA8910F-25D6-4AB3-9FCD-3736EE4CD7BD}"
EndProject
Project("{9A19103F-16F7-4668-BE54-9A1E7A4F7556}") = "Task_3.3.2", "Task_3.3.2\Task_3.3.2.csproj", "{E9F41DE3-DE67-4B55-99AD-7212D489B42F}"
EndProject
Project("{FAE04EC0-301F-11D3-BF4B-00C04F79EFBC}") = "Task_3.3.3", "Task_3.3.3\Task_3.3.3.csproj", "{35174C14-2FAE-40A0-B33F-3E488AA75A6E}"
EndProject
Global
	GlobalSection(SolutionConfigurationPlatforms) = preSolution
		Debug|Any CPU = Debug|Any CPU
		Release|Any CPU = Release|Any CPU
	EndGlobalSection
	GlobalSection(ProjectConfigurationPlatforms) = postSolution
		{6BA8910F-25D6-4AB3-9FCD-3736EE4CD7BD}.Debug|Any CPU.ActiveCfg = Debug|Any CPU
		{6BA8910F-25D6-4AB3-9FCD-3736EE4CD7BD}.Debug|Any CPU.Build.0 = Debug|Any CPU
		{6BA8910F-25D6-4AB3-9FCD-3736EE4CD7BD}.Release|Any CPU.ActiveCfg = Release|Any CPU
		{6BA8910F-25D6-4AB3-9FCD-3736EE4CD7BD}.Release|Any CPU.Build.0 = Release|Any CPU
		{E9F41DE3-DE67-4B55-99AD-7212D489B42F}.Debug|Any CPU.ActiveCfg = Debug|Any CPU
		{E9F41DE3-DE67-4B55-99AD-7212D489B42F}.Debug|Any CPU.Build.0 = Debug|Any CPU
		{E9F41DE3-DE67-4B55-99AD-7212D489B42F}.Release|Any CPU.ActiveCfg = Release|Any CPU
		{E9F41DE3-DE67-4B55-99AD-7212D489B42F}.Release|Any CPU.Build.0 = Release|Any CPU
		{35174C14-2FAE-40A0-B33F-3E488AA75A6E}.Debug|Any CPU.ActiveCfg = Debug|Any CPU
		{35174C14-2FAE-40A0-B33F-3E488AA75A6E}.Debug|Any CPU.Build.0 = Debug|Any CPU
		{35174C14-2FAE-40A0-B33F-3E488AA75A6E}.Release|Any CPU.ActiveCfg = Release|Any CPU
		{35174C14-2FAE-40A0-B33F-3E488AA75A6E}.Release|Any CPU.Build.0 = Release|Any CPU
	EndGlobalSection
	GlobalSection(SolutionProperties) = preSolution
		HideSolutionNode = FALSE
	EndGlobalSection
	GlobalSection(ExtensibilityGlobals) = postSolution
		SolutionGuid = {A2E254DB-7EEC-4E06-9F32-F59F734CA500}
	EndGlobalSection
EndGlobal
